
Microsoft Visual Studio Solution File, Format Version 12.00
# Visual Studio 2013
VisualStudioVersion = 12.0.30501.0
MinimumVisualStudioVersion = 10.0.40219.1
Project("{FAE04EC0-301F-11D3-BF4B-00C04F79EFBC}") = "TrelloTest", "TrelloTest\TrelloTest.csproj", "{058FB86C-A974-40E3-86C1-AD23137F5473}"
EndProject
Global
	GlobalSection(SolutionConfigurationPlatforms) = preSolution
		Debug|Any CPU = Debug|Any CPU
		Release|Any CPU = Release|Any CPU
	EndGlobalSection
	GlobalSection(ProjectConfigurationPlatforms) = postSolution
		{058FB86C-A974-40E3-86C1-AD23137F5473}.Debug|Any CPU.ActiveCfg = Debug|Any CPU
		{058FB86C-A974-40E3-86C1-AD23137F5473}.Debug|Any CPU.Build.0 = Debug|Any CPU
		{058FB86C-A974-40E3-86C1-AD23137F5473}.Release|Any CPU.ActiveCfg = Release|Any CPU
		{058FB86C-A974-40E3-86C1-AD23137F5473}.Release|Any CPU.Build.0 = Release|Any CPU
	EndGlobalSection
	GlobalSection(SolutionProperties) = preSolution
		HideSolutionNode = FALSE
	EndGlobalSection
EndGlobal
